
Microsoft Visual Studio Solution File, Format Version 12.00
# Visual Studio Version 17
VisualStudioVersion = 17.4.33110.190
MinimumVisualStudioVersion = 10.0.40219.1
Project("{2150E333-8FDC-42A3-9474-1A3956D46DE8}") = "Services", "Services", "{7012EF14-763A-4EDB-AA05-E7949C72C376}"
EndProject
Project("{2150E333-8FDC-42A3-9474-1A3956D46DE8}") = "WebApps", "WebApps", "{69ABDE1B-D330-4F06-9A6D-88F9528715FC}"
EndProject
Project("{2150E333-8FDC-42A3-9474-1A3956D46DE8}") = "Core", "Core", "{2E35BBFB-1DB7-4F32-86AE-9D9FC96B69B9}"
EndProject
Project("{2150E333-8FDC-42A3-9474-1A3956D46DE8}") = "Pagament", "Pagament", "{CD69BD36-E89E-438B-855F-51623FEEF8E6}"
EndProject
Project("{2150E333-8FDC-42A3-9474-1A3956D46DE8}") = "Player", "Player", "{01AFD601-EF6D-48D5-A294-70DE74253CB2}"
EndProject
Project("{2150E333-8FDC-42A3-9474-1A3956D46DE8}") = "Club", "Club", "{AB7DAED4-B41F-41F0-9C21-8174099DBD74}"
EndProject
Project("{2150E333-8FDC-42A3-9474-1A3956D46DE8}") = "Tournament", "Tournament", "{CF37DE30-D9C7-4B8D-9423-39AFF10EA59C}"
EndProject
Project("{9A19103F-16F7-4668-BE54-9A1E7A4F7556}") = "RankingUp.Core", "Source\RankingUp.Core\RankingUp.Core.csproj", "{F838CA6F-E6F1-4609-BCE7-871985F07FED}"
EndProject
Project("{9A19103F-16F7-4668-BE54-9A1E7A4F7556}") = "RankingUp.Player.Domain", "Source\RankingUp.Player.Domain\RankingUp.Player.Domain.csproj", "{41E15577-8C36-4485-80C9-A3D17246D537}"
EndProject
Project("{9A19103F-16F7-4668-BE54-9A1E7A4F7556}") = "RankingUp.Club.Domain", "Source\RankingUp.Club.Domain\RankingUp.Club.Domain.csproj", "{C0122C87-48E3-448E-9676-1ECC0AF28888}"
EndProject
Project("{9A19103F-16F7-4668-BE54-9A1E7A4F7556}") = "RankingUp.Club.Data", "Source\RankingUp.Club.Data\RankingUp.Club.Data.csproj", "{B515A0AB-991E-4C51-9E0B-55350A34FD9E}"
EndProject
Project("{9A19103F-16F7-4668-BE54-9A1E7A4F7556}") = "RankingUp.Club.Application", "Source\RankingUp.Club.Application\RankingUp.Club.Application.csproj", "{1F0ED9C2-005E-4C4C-BB83-8B2CFBD3B79C}"
EndProject
Project("{2150E333-8FDC-42A3-9474-1A3956D46DE8}") = "Sport", "Sport", "{8BC61F89-21AC-4EF2-96A1-D738631FE62E}"
EndProject
Project("{2150E333-8FDC-42A3-9474-1A3956D46DE8}") = "Tests", "Tests", "{B162BE72-4C4C-48B5-8AF1-013F7A36F828}"
EndProject
Project("{9A19103F-16F7-4668-BE54-9A1E7A4F7556}") = "RankingUp.Club.Application.ViewModel.Tests", "Test\RankingUp.Club.Application.ViewModel.Tests\RankingUp.Club.Application.ViewModel.Tests.csproj", "{D66C3486-F898-4118-8034-E81E4C92261C}"
EndProject
Project("{9A19103F-16F7-4668-BE54-9A1E7A4F7556}") = "RankingUp.Sport.Domain", "Source\RankingUp.Sport.Domain\RankingUp.Sport.Domain.csproj", "{1C843C5F-9122-4C6C-AF0A-49B5BCE0FFBA}"
EndProject
Project("{9A19103F-16F7-4668-BE54-9A1E7A4F7556}") = "RankingUp.Sport.Data", "Source\RankingUp.Sport.Data\RankingUp.Sport.Data.csproj", "{00061A80-B2B2-4B52-82B2-463FEE4AA2ED}"
EndProject
Project("{9A19103F-16F7-4668-BE54-9A1E7A4F7556}") = "RankingUp.Sport.Application", "Source\RankingUp.Sport.Application\RankingUp.Sport.Application.csproj", "{D545E353-123F-46EB-A04B-A0EC3B573387}"
EndProject
Project("{9A19103F-16F7-4668-BE54-9A1E7A4F7556}") = "RankingUp.WebApp.API", "Source\RankingUp.WebApp.API\RankingUp.WebApp.API.csproj", "{AFC2BAE2-A67E-4F3E-8DC2-2B482E455ABE}"
EndProject
Project("{9A19103F-16F7-4668-BE54-9A1E7A4F7556}") = "RankingUp.Player.Data", "Source\RankingUp.Player.Data\RankingUp.Player.Data.csproj", "{7D890F24-3D34-4494-B643-4E5D993A46C1}"
EndProject
Project("{9A19103F-16F7-4668-BE54-9A1E7A4F7556}") = "RankingUp.Player.Application", "Source\RankingUp.Player.Application\RankingUp.Player.Application.csproj", "{4B3F4698-EC7C-45DC-9F9C-68ACA34BC8AC}"
EndProject
Project("{9A19103F-16F7-4668-BE54-9A1E7A4F7556}") = "RankingUp.Tournament.Domain", "Source\RankingUp.Tournament.Domain\RankingUp.Tournament.Domain.csproj", "{9A229AB6-156C-4FB7-9DD7-68B2316E858F}"
EndProject
Project("{9A19103F-16F7-4668-BE54-9A1E7A4F7556}") = "RankingUp.Tournament.Data", "Source\RankingUp.Tournament.Data\RankingUp.Tournament.Data.csproj", "{F9FB29EA-F3A7-418B-81BD-05F911942B14}"
EndProject
Project("{9A19103F-16F7-4668-BE54-9A1E7A4F7556}") = "RankingUp.Tournament.Application", "Source\RankingUp.Tournament.Application\RankingUp.Tournament.Application.csproj", "{66AB79B8-93D2-450D-AD22-8DC1020F203E}"
EndProject
Project("{FAE04EC0-301F-11D3-BF4B-00C04F79EFBC}") = "RankingUp.Background.Service", "Source\RankingUp.Background.Service\RankingUp.Background.Service.csproj", "{D24ADBAA-6800-4742-94BE-A51731BB58D1}"
EndProject
Project("{2150E333-8FDC-42A3-9474-1A3956D46DE8}") = "Background", "Background", "{2DB6EE51-E38E-43A5-BD49-E5791AAB97CB}"
EndProject
Global
	GlobalSection(SolutionConfigurationPlatforms) = preSolution
		Debug|Any CPU = Debug|Any CPU
		Release|Any CPU = Release|Any CPU
	EndGlobalSection
	GlobalSection(ProjectConfigurationPlatforms) = postSolution
		{F838CA6F-E6F1-4609-BCE7-871985F07FED}.Debug|Any CPU.ActiveCfg = Debug|Any CPU
		{F838CA6F-E6F1-4609-BCE7-871985F07FED}.Debug|Any CPU.Build.0 = Debug|Any CPU
		{F838CA6F-E6F1-4609-BCE7-871985F07FED}.Release|Any CPU.ActiveCfg = Release|Any CPU
		{F838CA6F-E6F1-4609-BCE7-871985F07FED}.Release|Any CPU.Build.0 = Release|Any CPU
		{41E15577-8C36-4485-80C9-A3D17246D537}.Debug|Any CPU.ActiveCfg = Debug|Any CPU
		{41E15577-8C36-4485-80C9-A3D17246D537}.Debug|Any CPU.Build.0 = Debug|Any CPU
		{41E15577-8C36-4485-80C9-A3D17246D537}.Release|Any CPU.ActiveCfg = Release|Any CPU
		{41E15577-8C36-4485-80C9-A3D17246D537}.Release|Any CPU.Build.0 = Release|Any CPU
		{C0122C87-48E3-448E-9676-1ECC0AF28888}.Debug|Any CPU.ActiveCfg = Debug|Any CPU
		{C0122C87-48E3-448E-9676-1ECC0AF28888}.Debug|Any CPU.Build.0 = Debug|Any CPU
		{C0122C87-48E3-448E-9676-1ECC0AF28888}.Release|Any CPU.ActiveCfg = Release|Any CPU
		{C0122C87-48E3-448E-9676-1ECC0AF28888}.Release|Any CPU.Build.0 = Release|Any CPU
		{B515A0AB-991E-4C51-9E0B-55350A34FD9E}.Debug|Any CPU.ActiveCfg = Debug|Any CPU
		{B515A0AB-991E-4C51-9E0B-55350A34FD9E}.Debug|Any CPU.Build.0 = Debug|Any CPU
		{B515A0AB-991E-4C51-9E0B-55350A34FD9E}.Release|Any CPU.ActiveCfg = Release|Any CPU
		{B515A0AB-991E-4C51-9E0B-55350A34FD9E}.Release|Any CPU.Build.0 = Release|Any CPU
		{1F0ED9C2-005E-4C4C-BB83-8B2CFBD3B79C}.Debug|Any CPU.ActiveCfg = Debug|Any CPU
		{1F0ED9C2-005E-4C4C-BB83-8B2CFBD3B79C}.Debug|Any CPU.Build.0 = Debug|Any CPU
		{1F0ED9C2-005E-4C4C-BB83-8B2CFBD3B79C}.Release|Any CPU.ActiveCfg = Release|Any CPU
		{1F0ED9C2-005E-4C4C-BB83-8B2CFBD3B79C}.Release|Any CPU.Build.0 = Release|Any CPU
		{D66C3486-F898-4118-8034-E81E4C92261C}.Debug|Any CPU.ActiveCfg = Debug|Any CPU
		{D66C3486-F898-4118-8034-E81E4C92261C}.Debug|Any CPU.Build.0 = Debug|Any CPU
		{D66C3486-F898-4118-8034-E81E4C92261C}.Release|Any CPU.ActiveCfg = Release|Any CPU
		{D66C3486-F898-4118-8034-E81E4C92261C}.Release|Any CPU.Build.0 = Release|Any CPU
		{1C843C5F-9122-4C6C-AF0A-49B5BCE0FFBA}.Debug|Any CPU.ActiveCfg = Debug|Any CPU
		{1C843C5F-9122-4C6C-AF0A-49B5BCE0FFBA}.Debug|Any CPU.Build.0 = Debug|Any CPU
		{1C843C5F-9122-4C6C-AF0A-49B5BCE0FFBA}.Release|Any CPU.ActiveCfg = Release|Any CPU
		{1C843C5F-9122-4C6C-AF0A-49B5BCE0FFBA}.Release|Any CPU.Build.0 = Release|Any CPU
		{00061A80-B2B2-4B52-82B2-463FEE4AA2ED}.Debug|Any CPU.ActiveCfg = Debug|Any CPU
		{00061A80-B2B2-4B52-82B2-463FEE4AA2ED}.Debug|Any CPU.Build.0 = Debug|Any CPU
		{00061A80-B2B2-4B52-82B2-463FEE4AA2ED}.Release|Any CPU.ActiveCfg = Release|Any CPU
		{00061A80-B2B2-4B52-82B2-463FEE4AA2ED}.Release|Any CPU.Build.0 = Release|Any CPU
		{D545E353-123F-46EB-A04B-A0EC3B573387}.Debug|Any CPU.ActiveCfg = Debug|Any CPU
		{D545E353-123F-46EB-A04B-A0EC3B573387}.Debug|Any CPU.Build.0 = Debug|Any CPU
		{D545E353-123F-46EB-A04B-A0EC3B573387}.Release|Any CPU.ActiveCfg = Release|Any CPU
		{D545E353-123F-46EB-A04B-A0EC3B573387}.Release|Any CPU.Build.0 = Release|Any CPU
		{AFC2BAE2-A67E-4F3E-8DC2-2B482E455ABE}.Debug|Any CPU.ActiveCfg = Debug|Any CPU
		{AFC2BAE2-A67E-4F3E-8DC2-2B482E455ABE}.Debug|Any CPU.Build.0 = Debug|Any CPU
		{AFC2BAE2-A67E-4F3E-8DC2-2B482E455ABE}.Release|Any CPU.ActiveCfg = Release|Any CPU
		{AFC2BAE2-A67E-4F3E-8DC2-2B482E455ABE}.Release|Any CPU.Build.0 = Release|Any CPU
		{7D890F24-3D34-4494-B643-4E5D993A46C1}.Debug|Any CPU.ActiveCfg = Debug|Any CPU
		{7D890F24-3D34-4494-B643-4E5D993A46C1}.Debug|Any CPU.Build.0 = Debug|Any CPU
		{7D890F24-3D34-4494-B643-4E5D993A46C1}.Release|Any CPU.ActiveCfg = Release|Any CPU
		{7D890F24-3D34-4494-B643-4E5D993A46C1}.Release|Any CPU.Build.0 = Release|Any CPU
		{4B3F4698-EC7C-45DC-9F9C-68ACA34BC8AC}.Debug|Any CPU.ActiveCfg = Debug|Any CPU
		{4B3F4698-EC7C-45DC-9F9C-68ACA34BC8AC}.Debug|Any CPU.Build.0 = Debug|Any CPU
		{4B3F4698-EC7C-45DC-9F9C-68ACA34BC8AC}.Release|Any CPU.ActiveCfg = Release|Any CPU
		{4B3F4698-EC7C-45DC-9F9C-68ACA34BC8AC}.Release|Any CPU.Build.0 = Release|Any CPU
		{9A229AB6-156C-4FB7-9DD7-68B2316E858F}.Debug|Any CPU.ActiveCfg = Debug|Any CPU
		{9A229AB6-156C-4FB7-9DD7-68B2316E858F}.Debug|Any CPU.Build.0 = Debug|Any CPU
		{9A229AB6-156C-4FB7-9DD7-68B2316E858F}.Release|Any CPU.ActiveCfg = Release|Any CPU
		{9A229AB6-156C-4FB7-9DD7-68B2316E858F}.Release|Any CPU.Build.0 = Release|Any CPU
		{F9FB29EA-F3A7-418B-81BD-05F911942B14}.Debug|Any CPU.ActiveCfg = Debug|Any CPU
		{F9FB29EA-F3A7-418B-81BD-05F911942B14}.Debug|Any CPU.Build.0 = Debug|Any CPU
		{F9FB29EA-F3A7-418B-81BD-05F911942B14}.Release|Any CPU.ActiveCfg = Release|Any CPU
		{F9FB29EA-F3A7-418B-81BD-05F911942B14}.Release|Any CPU.Build.0 = Release|Any CPU
		{66AB79B8-93D2-450D-AD22-8DC1020F203E}.Debug|Any CPU.ActiveCfg = Debug|Any CPU
		{66AB79B8-93D2-450D-AD22-8DC1020F203E}.Debug|Any CPU.Build.0 = Debug|Any CPU
		{66AB79B8-93D2-450D-AD22-8DC1020F203E}.Release|Any CPU.ActiveCfg = Release|Any CPU
		{66AB79B8-93D2-450D-AD22-8DC1020F203E}.Release|Any CPU.Build.0 = Release|Any CPU
		{D24ADBAA-6800-4742-94BE-A51731BB58D1}.Debug|Any CPU.ActiveCfg = Debug|Any CPU
		{D24ADBAA-6800-4742-94BE-A51731BB58D1}.Debug|Any CPU.Build.0 = Debug|Any CPU
		{D24ADBAA-6800-4742-94BE-A51731BB58D1}.Release|Any CPU.ActiveCfg = Release|Any CPU
		{D24ADBAA-6800-4742-94BE-A51731BB58D1}.Release|Any CPU.Build.0 = Release|Any CPU
	EndGlobalSection
	GlobalSection(SolutionProperties) = preSolution
		HideSolutionNode = FALSE
	EndGlobalSection
	GlobalSection(NestedProjects) = preSolution
		{2E35BBFB-1DB7-4F32-86AE-9D9FC96B69B9} = {7012EF14-763A-4EDB-AA05-E7949C72C376}
		{CD69BD36-E89E-438B-855F-51623FEEF8E6} = {7012EF14-763A-4EDB-AA05-E7949C72C376}
		{01AFD601-EF6D-48D5-A294-70DE74253CB2} = {7012EF14-763A-4EDB-AA05-E7949C72C376}
		{AB7DAED4-B41F-41F0-9C21-8174099DBD74} = {7012EF14-763A-4EDB-AA05-E7949C72C376}
		{CF37DE30-D9C7-4B8D-9423-39AFF10EA59C} = {7012EF14-763A-4EDB-AA05-E7949C72C376}
		{F838CA6F-E6F1-4609-BCE7-871985F07FED} = {2E35BBFB-1DB7-4F32-86AE-9D9FC96B69B9}
		{41E15577-8C36-4485-80C9-A3D17246D537} = {01AFD601-EF6D-48D5-A294-70DE74253CB2}
		{C0122C87-48E3-448E-9676-1ECC0AF28888} = {AB7DAED4-B41F-41F0-9C21-8174099DBD74}
		{B515A0AB-991E-4C51-9E0B-55350A34FD9E} = {AB7DAED4-B41F-41F0-9C21-8174099DBD74}
		{1F0ED9C2-005E-4C4C-BB83-8B2CFBD3B79C} = {AB7DAED4-B41F-41F0-9C21-8174099DBD74}
		{8BC61F89-21AC-4EF2-96A1-D738631FE62E} = {7012EF14-763A-4EDB-AA05-E7949C72C376}
		{B162BE72-4C4C-48B5-8AF1-013F7A36F828} = {AB7DAED4-B41F-41F0-9C21-8174099DBD74}
		{D66C3486-F898-4118-8034-E81E4C92261C} = {B162BE72-4C4C-48B5-8AF1-013F7A36F828}
		{1C843C5F-9122-4C6C-AF0A-49B5BCE0FFBA} = {8BC61F89-21AC-4EF2-96A1-D738631FE62E}
		{00061A80-B2B2-4B52-82B2-463FEE4AA2ED} = {8BC61F89-21AC-4EF2-96A1-D738631FE62E}
		{D545E353-123F-46EB-A04B-A0EC3B573387} = {8BC61F89-21AC-4EF2-96A1-D738631FE62E}
		{AFC2BAE2-A67E-4F3E-8DC2-2B482E455ABE} = {69ABDE1B-D330-4F06-9A6D-88F9528715FC}
		{7D890F24-3D34-4494-B643-4E5D993A46C1} = {01AFD601-EF6D-48D5-A294-70DE74253CB2}
		{4B3F4698-EC7C-45DC-9F9C-68ACA34BC8AC} = {01AFD601-EF6D-48D5-A294-70DE74253CB2}
		{9A229AB6-156C-4FB7-9DD7-68B2316E858F} = {CF37DE30-D9C7-4B8D-9423-39AFF10EA59C}
		{F9FB29EA-F3A7-418B-81BD-05F911942B14} = {CF37DE30-D9C7-4B8D-9423-39AFF10EA59C}
		{66AB79B8-93D2-450D-AD22-8DC1020F203E} = {CF37DE30-D9C7-4B8D-9423-39AFF10EA59C}
		{D24ADBAA-6800-4742-94BE-A51731BB58D1} = {2DB6EE51-E38E-43A5-BD49-E5791AAB97CB}
		{2DB6EE51-E38E-43A5-BD49-E5791AAB97CB} = {7012EF14-763A-4EDB-AA05-E7949C72C376}
	EndGlobalSection
	GlobalSection(ExtensibilityGlobals) = postSolution
		SolutionGuid = {2796BB28-6981-4249-977A-65631C13B469}
	EndGlobalSection
EndGlobal
